
Microsoft Visual Studio Solution File, Format Version 12.00
# Visual Studio Version 16
VisualStudioVersion = 16.0.32228.343
MinimumVisualStudioVersion = 10.0.40219.1
Project("{9A19103F-16F7-4668-BE54-9A1E7A4F7556}") = "WebHoly", "WebHoly.csproj", "{42559380-6989-4F68-B889-9EF387B7E892}"
EndProject
Project("{9A19103F-16F7-4668-BE54-9A1E7A4F7556}") = "WebHoly.Tests", "..\WebHoly.Tests\WebHoly.Tests.csproj", "{3791834A-9236-4264-8F88-BDA7D3AE984F}"
EndProject
Global
	GlobalSection(SolutionConfigurationPlatforms) = preSolution
		Debug|Any CPU = Debug|Any CPU
		Release|Any CPU = Release|Any CPU
	EndGlobalSection
	GlobalSection(ProjectConfigurationPlatforms) = postSolution
		{42559380-6989-4F68-B889-9EF387B7E892}.Debug|Any CPU.ActiveCfg = Debug|Any CPU
		{42559380-6989-4F68-B889-9EF387B7E892}.Debug|Any CPU.Build.0 = Debug|Any CPU
		{42559380-6989-4F68-B889-9EF387B7E892}.Release|Any CPU.ActiveCfg = Release|Any CPU
		{42559380-6989-4F68-B889-9EF387B7E892}.Release|Any CPU.Build.0 = Release|Any CPU
		{3791834A-9236-4264-8F88-BDA7D3AE984F}.Debug|Any CPU.ActiveCfg = Debug|Any CPU
		{3791834A-9236-4264-8F88-BDA7D3AE984F}.Debug|Any CPU.Build.0 = Debug|Any CPU
		{3791834A-9236-4264-8F88-BDA7D3AE984F}.Release|Any CPU.ActiveCfg = Release|Any CPU
		{3791834A-9236-4264-8F88-BDA7D3AE984F}.Release|Any CPU.Build.0 = Release|Any CPU
	EndGlobalSection
	GlobalSection(SolutionProperties) = preSolution
		HideSolutionNode = FALSE
	EndGlobalSection
	GlobalSection(ExtensibilityGlobals) = postSolution
		SolutionGuid = {F7E572A8-BBF7-46DB-BD94-4AFF8AC22952}
	EndGlobalSection
EndGlobal
